
Microsoft Visual Studio Solution File, Format Version 12.00
# Visual Studio 15
VisualStudioVersion = 15.0.27428.2027
MinimumVisualStudioVersion = 10.0.40219.1
Project("{FAE04EC0-301F-11D3-BF4B-00C04F79EFBC}") = "QueryTests", "QueryTests\QueryTests.csproj", "{61914B26-3BB0-40E6-8ABE-AB00A6EFB804}"
EndProject
Project("{9A19103F-16F7-4668-BE54-9A1E7A4F7556}") = "DataView", "DataView\DataView.csproj", "{E34F56FA-406E-434F-86A3-F292BB369072}"
EndProject
Project("{9A19103F-16F7-4668-BE54-9A1E7A4F7556}") = "DataView.Mvc", "DataView.Mvc\DataView.Mvc.csproj", "{44FEFE52-0ECA-4C1D-9E4E-7D235F980185}"
EndProject
Project("{FAE04EC0-301F-11D3-BF4B-00C04F79EFBC}") = "DataView.Mvc.Test", "DataView.Mvc.Text\DataView.Mvc.Test.csproj", "{D170FA65-4B41-4298-B78E-8DD20EDB8025}"
EndProject
Project("{FAE04EC0-301F-11D3-BF4B-00C04F79EFBC}") = "DataView.MvcCore", "DataView.MvcCore\DataView.MvcCore.csproj", "{453678D3-76C3-4B5A-90C2-5D56828F0F87}"
EndProject
Project("{FAE04EC0-301F-11D3-BF4B-00C04F79EFBC}") = "DataView.MvcDemoCore", "DataView.MvcDemoCore\DataView.MvcDemoCore.csproj", "{775755DF-A65F-416E-B4C8-F657EC9EC09F}"
EndProject
Global
	GlobalSection(SolutionConfigurationPlatforms) = preSolution
		Debug|Any CPU = Debug|Any CPU
		Release|Any CPU = Release|Any CPU
	EndGlobalSection
	GlobalSection(ProjectConfigurationPlatforms) = postSolution
		{61914B26-3BB0-40E6-8ABE-AB00A6EFB804}.Debug|Any CPU.ActiveCfg = Debug|Any CPU
		{61914B26-3BB0-40E6-8ABE-AB00A6EFB804}.Debug|Any CPU.Build.0 = Debug|Any CPU
		{61914B26-3BB0-40E6-8ABE-AB00A6EFB804}.Release|Any CPU.ActiveCfg = Release|Any CPU
		{61914B26-3BB0-40E6-8ABE-AB00A6EFB804}.Release|Any CPU.Build.0 = Release|Any CPU
		{E34F56FA-406E-434F-86A3-F292BB369072}.Debug|Any CPU.ActiveCfg = Debug|Any CPU
		{E34F56FA-406E-434F-86A3-F292BB369072}.Debug|Any CPU.Build.0 = Debug|Any CPU
		{E34F56FA-406E-434F-86A3-F292BB369072}.Release|Any CPU.ActiveCfg = Release|Any CPU
		{E34F56FA-406E-434F-86A3-F292BB369072}.Release|Any CPU.Build.0 = Release|Any CPU
		{44FEFE52-0ECA-4C1D-9E4E-7D235F980185}.Debug|Any CPU.ActiveCfg = Debug|Any CPU
		{44FEFE52-0ECA-4C1D-9E4E-7D235F980185}.Debug|Any CPU.Build.0 = Debug|Any CPU
		{44FEFE52-0ECA-4C1D-9E4E-7D235F980185}.Release|Any CPU.ActiveCfg = Release|Any CPU
		{44FEFE52-0ECA-4C1D-9E4E-7D235F980185}.Release|Any CPU.Build.0 = Release|Any CPU
		{D170FA65-4B41-4298-B78E-8DD20EDB8025}.Debug|Any CPU.ActiveCfg = Debug|Any CPU
		{D170FA65-4B41-4298-B78E-8DD20EDB8025}.Debug|Any CPU.Build.0 = Debug|Any CPU
		{D170FA65-4B41-4298-B78E-8DD20EDB8025}.Release|Any CPU.ActiveCfg = Release|Any CPU
		{D170FA65-4B41-4298-B78E-8DD20EDB8025}.Release|Any CPU.Build.0 = Release|Any CPU
		{453678D3-76C3-4B5A-90C2-5D56828F0F87}.Debug|Any CPU.ActiveCfg = Debug|Any CPU
		{453678D3-76C3-4B5A-90C2-5D56828F0F87}.Debug|Any CPU.Build.0 = Debug|Any CPU
		{453678D3-76C3-4B5A-90C2-5D56828F0F87}.Release|Any CPU.ActiveCfg = Release|Any CPU
		{453678D3-76C3-4B5A-90C2-5D56828F0F87}.Release|Any CPU.Build.0 = Release|Any CPU
		{775755DF-A65F-416E-B4C8-F657EC9EC09F}.Debug|Any CPU.ActiveCfg = Debug|Any CPU
		{775755DF-A65F-416E-B4C8-F657EC9EC09F}.Debug|Any CPU.Build.0 = Debug|Any CPU
		{775755DF-A65F-416E-B4C8-F657EC9EC09F}.Release|Any CPU.ActiveCfg = Release|Any CPU
		{775755DF-A65F-416E-B4C8-F657EC9EC09F}.Release|Any CPU.Build.0 = Release|Any CPU
	EndGlobalSection
	GlobalSection(SolutionProperties) = preSolution
		HideSolutionNode = FALSE
	EndGlobalSection
	GlobalSection(ExtensibilityGlobals) = postSolution
		SolutionGuid = {7CDF98FA-778A-4A83-AE2D-8EEDD496714E}
	EndGlobalSection
EndGlobal
